{
  "version": 1,
  "dependencies": {
    "net6.0": {
      "AnitomySharp.NET6": {
        "type": "Direct",
        "requested": "[0.5.1, )",
        "resolved": "0.5.1",
        "contentHash": "d4bGuBi0ORcN3aCTkl3oQP+BLDxMiVNUIiPFqukEJJZFblXmOC3z8zv3sJtWOtQ6+YEtrkZCaw7ZSht2nKfHIQ=="
      },
      "HtmlAgilityPack": {
        "type": "Direct",
        "requested": "[1.11.71, )",
        "resolved": "1.11.71",
        "contentHash": "HlEThQBnob4/29DIiyrPSYlGXXSZUtOH7571PRev+yu8FW8n5pdxqHyun+PMm17cp3ovCrxFhXedC+1HUSdRMA=="
      },
      "HtmlAgilityPack.CssSelectors": {
        "type": "Direct",
        "requested": "[1.0.2, )",
        "resolved": "1.0.2",
        "contentHash": "bB4FeVvcNROENPWQfFSmPQ6q99jGk8ru5QoBB3qnEeaP451fjnqQ0uPuMgmWHAOZIXUAoOQozv/5fEEVSDyIzA==",
        "dependencies": {
          "HtmlAgilityPack": "1.4.9"
        }
      },
      "Jellyfin.Controller": {
        "type": "Direct",
        "requested": "[10.8.13, )",
        "resolved": "10.8.13",
        "contentHash": "aC6UbVL0Pa75r8R5Mxo2unxEDrgw8xFcpXLFGEyTm3NmrG28aAistuC46KNdq1MDW94f20Nt+ilEEqKIEp6iRw==",
        "dependencies": {
          "Jellyfin.Common": "10.8.13",
          "Jellyfin.Model": "10.8.13",
          "Jellyfin.Naming": "10.8.13",
          "Microsoft.Extensions.Configuration.Abstractions": "6.0.0",
          "Microsoft.Extensions.Configuration.Binder": "6.0.0",
          "System.Threading.Tasks.Dataflow": "6.0.0"
        }
      },
      "Jellyfin.Common": {
        "type": "Transitive",
        "resolved": "10.8.13",
        "contentHash": "CHLA7rY5VqFHLPkQBwYicjQlL1yWrUjxK0JjSFLXsR4lGMQg4RqAxziiV4ucFDecgkQcLuSxpyVFV/PSFyFpKg==",
        "dependencies": {
          "Jellyfin.Model": "10.8.13",
          "Microsoft.Extensions.Configuration.Abstractions": "6.0.0",
          "Microsoft.Extensions.DependencyInjection.Abstractions": "6.0.0"
        }
      },
      "Jellyfin.Data": {
        "type": "Transitive",
        "resolved": "10.8.13",
        "contentHash": "ipo2nJpOKVBYeY72qFvbZy9ZgBwTKgC6wwDxGb6HqEV3X4YIGFQtsIEJMCAcxZjklNRbnLud1/470kw1RCOVuQ==",
        "dependencies": {
          "Microsoft.Extensions.Logging": "6.0.0"
        }
      },
      "Jellyfin.Extensions": {
        "type": "Transitive",
        "resolved": "10.8.13",
        "contentHash": "JtBhpZwA6MCc4kkbZtyyVr2aFmlozT6TxEDzzFLJAaboYCFQIuv9/86kW9HnX8LMyMXu0igWtTKEFGLOT8m5TA=="
      },
      "Jellyfin.Model": {
        "type": "Transitive",
        "resolved": "10.8.13",
        "contentHash": "ZqA/GL1a1Br8wR7L+Tv0NGLd7EQq7ZbZdWMF/9DRkF2k2h/Q4XIehYrQAkrLW+VLuqsNqZ52LAn4lSGlKPnM1A==",
        "dependencies": {
          "Jellyfin.Data": "10.8.13",
          "Jellyfin.Extensions": "10.8.13",
          "Microsoft.Extensions.Logging.Abstractions": "6.0.2",
          "System.Globalization": "4.3.0",
          "System.Text.Json": "6.0.6"
        }
      },
      "Jellyfin.Naming": {
        "type": "Transitive",
        "resolved": "10.8.13",
        "contentHash": "e6fNm8s+clmtg3PMwZuHtJdy9dSiZDyLx73NShtl9InTpGH1kZVhV0bNlRBgDFH4sjQ6mIzBT95i8Y5F1uZ3xg==",
        "dependencies": {
          "Jellyfin.Common": "10.8.13",
          "Jellyfin.Model": "10.8.13"
        }
      },
      "Microsoft.Extensions.Configuration.Abstractions": {
        "type": "Transitive",
        "resolved": "6.0.0",
        "contentHash": "qWzV9o+ZRWq+pGm+1dF+R7qTgTYoXvbyowRoBxQJGfqTpqDun2eteerjRQhq5PQ/14S+lqto3Ft4gYaRyl4rdQ==",
        "dependencies": {
          "Microsoft.Extensions.Primitives": "6.0.0"
        }
      },
      "Microsoft.Extensions.Configuration.Binder": {
        "type": "Transitive",
        "resolved": "6.0.0",
        "contentHash": "b3ErKzND8LIC7o08QAVlKfaEIYEvLJbtmVbFZVBRXeu9YkKfSSzLZfR1SUfQPBIy9mKLhEtJgGYImkcMNaKE0A==",
        "dependencies": {
          "Microsoft.Extensions.Configuration.Abstractions": "6.0.0"
        }
      },
      "Microsoft.Extensions.DependencyInjection": {
        "type": "Transitive",
        "resolved": "6.0.0",
        "contentHash": "k6PWQMuoBDGGHOQTtyois2u4AwyVcIwL2LaSLlTZQm2CYcJ1pxbt6jfAnpWmzENA/wfrYRI/X9DTLoUkE4AsLw==",
        "dependencies": {
          "Microsoft.Extensions.DependencyInjection.Abstractions": "6.0.0",
          "System.Runtime.CompilerServices.Unsafe": "6.0.0"
        }
      },
      "Microsoft.Extensions.DependencyInjection.Abstractions": {
        "type": "Transitive",
        "resolved": "6.0.0",
        "contentHash": "xlzi2IYREJH3/m6+lUrQlujzX8wDitm4QGnUu6kUXTQAWPuZY8i+ticFJbzfqaetLA6KR/rO6Ew/HuYD+bxifg=="
      },
      "Microsoft.Extensions.Logging": {
        "type": "Transitive",
        "resolved": "6.0.0",
        "contentHash": "eIbyj40QDg1NDz0HBW0S5f3wrLVnKWnDJ/JtZ+yJDFnDj90VoPuoPmFkeaXrtu+0cKm5GRAwoDf+dBWXK0TUdg==",
        "dependencies": {
          "Microsoft.Extensions.DependencyInjection": "6.0.0",
          "Microsoft.Extensions.DependencyInjection.Abstractions": "6.0.0",
          "Microsoft.Extensions.Logging.Abstractions": "6.0.0",
          "Microsoft.Extensions.Options": "6.0.0",
          "System.Diagnostics.DiagnosticSource": "6.0.0"
        }
      },
      "Microsoft.Extensions.Logging.Abstractions": {
        "type": "Transitive",
        "resolved": "6.0.2",
        "contentHash": "pwXCZKaA7m5wgmCj49dW+H1RPSY7U62SKLTQYCcavf/k3Nyt/WnBgAjG4jMGnwy9rElfAZ2KvxvM5CJzJWG0hg=="
      },
      "Microsoft.Extensions.Options": {
        "type": "Transitive",
        "resolved": "6.0.0",
        "contentHash": "dzXN0+V1AyjOe2xcJ86Qbo233KHuLEY0njf/P2Kw8SfJU+d45HNS2ctJdnEnrWbM9Ye2eFgaC5Mj9otRMU6IsQ==",
        "dependencies": {
          "Microsoft.Extensions.DependencyInjection.Abstractions": "6.0.0",
          "Microsoft.Extensions.Primitives": "6.0.0"
        }
      },
      "Microsoft.Extensions.Primitives": {
        "type": "Transitive",
        "resolved": "6.0.0",
        "contentHash": "9+PnzmQFfEFNR9J2aDTfJGGupShHjOuGw4VUv+JB044biSHrnmCIMD+mJHmb2H7YryrfBEXDurxQ47gJZdCKNQ==",
        "dependencies": {
          "System.Runtime.CompilerServices.Unsafe": "6.0.0"
        }
      },
      "Microsoft.NETCore.Platforms": {
        "type": "Transitive",
        "resolved": "1.1.0",
        "contentHash": "kz0PEW2lhqygehI/d6XsPCQzD7ff7gUJaVGPVETX611eadGsA3A877GdSlU0LRVMCTH/+P3o2iDTak+S08V2+A=="
      },
      "Microsoft.NETCore.Targets": {
        "type": "Transitive",
        "resolved": "1.1.0",
        "contentHash": "aOZA3BWfz9RXjpzt0sRJJMjAscAUm3Hoa4UWAfceV9UTYxgwZ1lZt5nO2myFf+/jetYQo4uTP7zS8sJY67BBxg=="
      },
      "System.Diagnostics.DiagnosticSource": {
        "type": "Transitive",
        "resolved": "6.0.0",
        "contentHash": "frQDfv0rl209cKm1lnwTgFPzNigy2EKk1BS3uAvHvlBVKe5cymGyHO+Sj+NLv5VF/AhHsqPIUUwya5oV4CHMUw==",
        "dependencies": {
          "System.Runtime.CompilerServices.Unsafe": "6.0.0"
        }
      },
      "System.Globalization": {
        "type": "Transitive",
        "resolved": "4.3.0",
        "contentHash": "kYdVd2f2PAdFGblzFswE4hkNANJBKRmsfa2X5LG2AcWE1c7/4t0pYae1L8vfZ5xvE2nK/R9JprtToA61OSHWIg==",
        "dependencies": {
          "Microsoft.NETCore.Platforms": "1.1.0",
          "Microsoft.NETCore.Targets": "1.1.0",
          "System.Runtime": "4.3.0"
        }
      },
      "System.Runtime": {
        "type": "Transitive",
        "resolved": "4.3.0",
        "contentHash": "JufQi0vPQ0xGnAczR13AUFglDyVYt4Kqnz1AZaiKZ5+GICq0/1MH/mO/eAJHt/mHW1zjKBJd7kV26SrxddAhiw==",
        "dependencies": {
          "Microsoft.NETCore.Platforms": "1.1.0",
          "Microsoft.NETCore.Targets": "1.1.0"
        }
      },
      "System.Runtime.CompilerServices.Unsafe": {
        "type": "Transitive",
        "resolved": "6.0.0",
        "contentHash": "/iUeP3tq1S0XdNNoMz5C9twLSrM/TH+qElHkXWaPvuNOt+99G75NrV0OS2EqHx5wMN7popYjpc8oTjC1y16DLg=="
      },
      "System.Text.Encodings.Web": {
        "type": "Transitive",
        "resolved": "6.0.0",
        "contentHash": "Vg8eB5Tawm1IFqj4TVK1czJX89rhFxJo9ELqc/Eiq0eXy13RK00eubyU6TJE6y+GQXjyV5gSfiewDUZjQgSE0w==",
        "dependencies": {
          "System.Runtime.CompilerServices.Unsafe": "6.0.0"
        }
      },
      "System.Text.Json": {
        "type": "Transitive",
        "resolved": "6.0.6",
        "contentHash": "GZ+62pLOr544jwSvyXv5ezSfzlFBTjLuPhgOS2dnKuknAA8dPNUGXLKTHf9XdsudU9JpbtweXnE4oEiKEB2T1Q==",
        "dependencies": {
          "System.Runtime.CompilerServices.Unsafe": "6.0.0",
          "System.Text.Encodings.Web": "6.0.0"
        }
      },
      "System.Threading.Tasks.Dataflow": {
        "type": "Transitive",
        "resolved": "6.0.0",
        "contentHash": "+tyDCU3/B1lDdOOAJywHQoFwyXIUghIaP2BxG79uvhfTnO+D9qIgjVlL/JV2NTliYbMHpd6eKDmHp2VHpij7MA=="
      }
    },
    "net8.0": {
      "AnitomySharp.NET6": {
        "type": "Direct",
        "requested": "[0.5.1, )",
        "resolved": "0.5.1",
        "contentHash": "d4bGuBi0ORcN3aCTkl3oQP+BLDxMiVNUIiPFqukEJJZFblXmOC3z8zv3sJtWOtQ6+YEtrkZCaw7ZSht2nKfHIQ=="
      },
      "HtmlAgilityPack": {
        "type": "Direct",
        "requested": "[1.11.71, )",
        "resolved": "1.11.71",
        "contentHash": "HlEThQBnob4/29DIiyrPSYlGXXSZUtOH7571PRev+yu8FW8n5pdxqHyun+PMm17cp3ovCrxFhXedC+1HUSdRMA=="
      },
      "HtmlAgilityPack.CssSelectors": {
        "type": "Direct",
        "requested": "[1.0.2, )",
        "resolved": "1.0.2",
        "contentHash": "bB4FeVvcNROENPWQfFSmPQ6q99jGk8ru5QoBB3qnEeaP451fjnqQ0uPuMgmWHAOZIXUAoOQozv/5fEEVSDyIzA==",
        "dependencies": {
          "HtmlAgilityPack": "1.4.9"
        }
      },
      "Jellyfin.Controller": {
        "type": "Direct",
        "requested": "[10.10.0, )",
        "resolved": "10.10.0",
        "contentHash": "pEmCUWvvn6kC8dAu8o1crbyTbE6gPMDBAljBH7KLMxjma3hhzWvLnxxc/Mory5AQrxVkEDZ7OHiJ4shaF0Sy3w==",
        "dependencies": {
          "Jellyfin.Common": "10.10.0",
          "Jellyfin.Model": "10.10.0",
          "Jellyfin.Naming": "10.10.0",
          "Microsoft.Extensions.Configuration.Abstractions": "8.0.0",
          "Microsoft.Extensions.Configuration.Binder": "8.0.2",
          "System.Threading.Tasks.Dataflow": "8.0.1"
        }
      },
      "Diacritics": {
        "type": "Transitive",
        "resolved": "3.3.29",
        "contentHash": "yrbxg/3T2af17np2XIjRbRXWM1OdtwJof9xg3qRj7D3s9AYkuEpD4UMCsNvnj//GHvzN9hw79ceh4z8Fhlvvhw=="
      },
      "ICU4N": {
        "type": "Transitive",
        "resolved": "60.1.0-alpha.356",
        "contentHash": "YMZtDnjcqWzziOKiE7w6Ma7Rl5vuFDxzOsUlHh1QyfghbNEIZQOLRs9MMfwCWAjX6n9UitrF6vLXy55Z5q+4Fg==",
        "dependencies": {
          "J2N": "2.0.0",
          "Microsoft.Extensions.Caching.Memory": "2.0.0"
        }
      },
      "ICU4N.Transliterator": {
        "type": "Transitive",
        "resolved": "60.1.0-alpha.356",
        "contentHash": "lFOSO6bbEtB6HkWMNDJAq+rFwVyi9g6xVc5O/2xHa6iZnV7wLVDqCbaQ4W4vIeBSQZAafqhxciaEkmAvSdzlCg==",
        "dependencies": {
          "ICU4N": "60.1.0-alpha.356"
        }
      },
      "J2N": {
        "type": "Transitive",
        "resolved": "2.0.0",
        "contentHash": "M5bwDajAARZiyqupU+rHQJnsVLxNBOHJ8vKYHd8LcLIb1FgLfzzcJvc31Qo5Xz/GEHFjDF9ScjKL/ks/zRTXuA=="
      },
      "Jellyfin.Common": {
        "type": "Transitive",
        "resolved": "10.10.0",
        "contentHash": "AseS5Se4HWxte2e419MyAFdwTtmGXVoltOdNRilDzNWClZgzcAWSMJe+dOxnAoarqDsh6YELvTFU9gP3BSxG/Q==",
        "dependencies": {
          "Jellyfin.Model": "10.10.0",
          "Microsoft.Extensions.Configuration.Abstractions": "8.0.0",
          "Microsoft.Extensions.DependencyInjection.Abstractions": "8.0.2"
        }
      },
      "Jellyfin.Data": {
        "type": "Transitive",
        "resolved": "10.10.0",
        "contentHash": "bM0DKuhVWB5mlAHNEBA34NV+aQd1pzqjjbQnyS/RwTTNnb8ADWzn5FdtyDslpnZq34QraPnq+dSTnm2zVTX8Ug==",
        "dependencies": {
          "Microsoft.Extensions.Logging": "8.0.1"
        }
      },
      "Jellyfin.Extensions": {
        "type": "Transitive",
        "resolved": "10.10.0",
        "contentHash": "z6HGNbBm5DZj1HSV/g2Hd6NqZxKa5eCBMb+5jOMLpCMgX8uRKXIEvzBgojTw2T1YPry/JgATUskFMQnF/nuzBw==",
        "dependencies": {
          "Diacritics": "3.3.29",
          "ICU4N.Transliterator": "60.1.0-alpha.356"
        }
      },
      "Jellyfin.Model": {
        "type": "Transitive",
        "resolved": "10.10.0",
        "contentHash": "RPalpJEeu1j6/woexEwg2DaphjBnKFnKwIEO2hUfB1u5WgMWYwWYVwBVWf+n2A7YSLkfjrTkOoJmG+JRHIXFeg==",
        "dependencies": {
          "Jellyfin.Data": "10.10.0",
          "Jellyfin.Extensions": "10.10.0",
          "Microsoft.Extensions.Logging.Abstractions": "8.0.2",
          "System.Globalization": "4.3.0",
          "System.Text.Json": "8.0.5"
        }
      },
      "Jellyfin.Naming": {
        "type": "Transitive",
        "resolved": "10.10.0",
        "contentHash": "FqK23+JW6t8p7cDLLxFVPnCKKprQmNtH5fsF3X53fkJ/mCEQNCNxMKP5Lm6W2GTvo1BGTbaO+KB0jAI0zZuoFg==",
        "dependencies": {
          "Jellyfin.Common": "10.10.0",
          "Jellyfin.Model": "10.10.0"
        }
      },
      "Microsoft.Extensions.Caching.Abstractions": {
        "type": "Transitive",
        "resolved": "2.0.0",
        "contentHash": "kGMEV53Od1ES0BDh7OOKbTW9Zu5dbbQ72yI936dvvbHlde3puuq/WRKAccFgcB2PuRjox1HFhA9+t53RYqfuEA==",
        "dependencies": {
          "Microsoft.Extensions.Primitives": "2.0.0"
        }
      },
      "Microsoft.Extensions.Caching.Memory": {
        "type": "Transitive",
        "resolved": "2.0.0",
        "contentHash": "NqvVdYLbX7N2J2Wz9y3zjhE66JRdROiZZsGhA2u4a9IcIq/jzINC/cLM96BHA+TSOZFPxVdWneqB6/yt9u846A==",
        "dependencies": {
          "Microsoft.Extensions.Caching.Abstractions": "2.0.0",
          "Microsoft.Extensions.DependencyInjection.Abstractions": "2.0.0",
          "Microsoft.Extensions.Options": "2.0.0"
        }
      },
      "Microsoft.Extensions.Configuration.Abstractions": {
        "type": "Transitive",
        "resolved": "8.0.0",
        "contentHash": "3lE/iLSutpgX1CC0NOW70FJoGARRHbyKmG7dc0klnUZ9Dd9hS6N/POPWhKhMLCEuNN5nXEY5agmlFtH562vqhQ==",
        "dependencies": {
          "Microsoft.Extensions.Primitives": "8.0.0"
        }
      },
      "Microsoft.Extensions.Configuration.Binder": {
        "type": "Transitive",
        "resolved": "8.0.2",
        "contentHash": "7IQhGK+wjyGrNsPBjJcZwWAr+Wf6D4+TwOptUt77bWtgNkiV8tDEbhFS+dDamtQFZ2X7kWG9m71iZQRj2x3zgQ==",
        "dependencies": {
          "Microsoft.Extensions.Configuration.Abstractions": "8.0.0"
        }
      },
      "Microsoft.Extensions.DependencyInjection": {
        "type": "Transitive",
        "resolved": "8.0.1",
        "contentHash": "BmANAnR5Xd4Oqw7yQ75xOAYODybZQRzdeNucg7kS5wWKd2PNnMdYtJ2Vciy0QLylRmv42DGl5+AFL9izA6F1Rw==",
        "dependencies": {
          "Microsoft.Extensions.DependencyInjection.Abstractions": "8.0.2"
        }
      },
      "Microsoft.Extensions.DependencyInjection.Abstractions": {
        "type": "Transitive",
        "resolved": "8.0.2",
        "contentHash": "3iE7UF7MQkCv1cxzCahz+Y/guQbTqieyxyaWKhrRO91itI9cOKO76OHeQDahqG4MmW5umr3CcCvGmK92lWNlbg=="
      },
      "Microsoft.Extensions.Logging": {
        "type": "Transitive",
        "resolved": "8.0.1",
        "contentHash": "4x+pzsQEbqxhNf1QYRr5TDkLP9UsLT3A6MdRKDDEgrW7h1ljiEPgTNhKYUhNCCAaVpQECVQ+onA91PTPnIp6Lw==",
        "dependencies": {
          "Microsoft.Extensions.DependencyInjection": "8.0.1",
          "Microsoft.Extensions.Logging.Abstractions": "8.0.2",
          "Microsoft.Extensions.Options": "8.0.2"
        }
      },
      "Microsoft.Extensions.Logging.Abstractions": {
        "type": "Transitive",
        "resolved": "8.0.2",
        "contentHash": "nroMDjS7hNBPtkZqVBbSiQaQjWRDxITI8Y7XnDs97rqG3EbzVTNLZQf7bIeUJcaHOV8bca47s1Uxq94+2oGdxA==",
        "dependencies": {
          "Microsoft.Extensions.DependencyInjection.Abstractions": "8.0.2"
        }
      },
      "Microsoft.Extensions.Options": {
        "type": "Transitive",
        "resolved": "8.0.2",
        "contentHash": "dWGKvhFybsaZpGmzkGCbNNwBD1rVlWzrZKANLW/CcbFJpCEceMCGzT7zZwHOGBCbwM0SzBuceMj5HN1LKV1QqA==",
        "dependencies": {
          "Microsoft.Extensions.DependencyInjection.Abstractions": "8.0.0",
          "Microsoft.Extensions.Primitives": "8.0.0"
        }
      },
      "Microsoft.Extensions.Primitives": {
        "type": "Transitive",
        "resolved": "8.0.0",
        "contentHash": "bXJEZrW9ny8vjMF1JV253WeLhpEVzFo1lyaZu1vQ4ZxWUlVvknZ/+ftFgVheLubb4eZPSwwxBeqS1JkCOjxd8g=="
      },
      "Microsoft.NETCore.Platforms": {
        "type": "Transitive",
        "resolved": "1.1.0",
        "contentHash": "kz0PEW2lhqygehI/d6XsPCQzD7ff7gUJaVGPVETX611eadGsA3A877GdSlU0LRVMCTH/+P3o2iDTak+S08V2+A=="
      },
      "Microsoft.NETCore.Targets": {
        "type": "Transitive",
        "resolved": "1.1.0",
        "contentHash": "aOZA3BWfz9RXjpzt0sRJJMjAscAUm3Hoa4UWAfceV9UTYxgwZ1lZt5nO2myFf+/jetYQo4uTP7zS8sJY67BBxg=="
      },
      "System.Globalization": {
        "type": "Transitive",
        "resolved": "4.3.0",
        "contentHash": "kYdVd2f2PAdFGblzFswE4hkNANJBKRmsfa2X5LG2AcWE1c7/4t0pYae1L8vfZ5xvE2nK/R9JprtToA61OSHWIg==",
        "dependencies": {
          "Microsoft.NETCore.Platforms": "1.1.0",
          "Microsoft.NETCore.Targets": "1.1.0",
          "System.Runtime": "4.3.0"
        }
      },
      "System.Runtime": {
        "type": "Transitive",
        "resolved": "4.3.0",
        "contentHash": "JufQi0vPQ0xGnAczR13AUFglDyVYt4Kqnz1AZaiKZ5+GICq0/1MH/mO/eAJHt/mHW1zjKBJd7kV26SrxddAhiw==",
        "dependencies": {
          "Microsoft.NETCore.Platforms": "1.1.0",
          "Microsoft.NETCore.Targets": "1.1.0"
        }
      },
      "System.Text.Json": {
        "type": "Transitive",
        "resolved": "8.0.5",
        "contentHash": "0f1B50Ss7rqxXiaBJyzUu9bWFOO2/zSlifZ/UNMdiIpDYe4cY4LQQicP4nirK1OS31I43rn062UIJ1Q9bpmHpg=="
      },
      "System.Threading.Tasks.Dataflow": {
        "type": "Transitive",
        "resolved": "8.0.1",
        "contentHash": "4pjq2vIPNZkKA9asAXzf5IRBb7K+b0+UQZZbpv6g029sAPZgnKdg/NNOC/DbJL8SWqYcFMVjb/T/YEmb0PHUYg=="
      }
    },
    "net9.0": {
      "AnitomySharp.NET6": {
        "type": "Direct",
        "requested": "[0.5.1, )",
        "resolved": "0.5.1",
        "contentHash": "d4bGuBi0ORcN3aCTkl3oQP+BLDxMiVNUIiPFqukEJJZFblXmOC3z8zv3sJtWOtQ6+YEtrkZCaw7ZSht2nKfHIQ=="
      },
      "HtmlAgilityPack": {
        "type": "Direct",
        "requested": "[1.11.71, )",
        "resolved": "1.11.71",
        "contentHash": "HlEThQBnob4/29DIiyrPSYlGXXSZUtOH7571PRev+yu8FW8n5pdxqHyun+PMm17cp3ovCrxFhXedC+1HUSdRMA=="
      },
      "HtmlAgilityPack.CssSelectors": {
        "type": "Direct",
        "requested": "[1.0.2, )",
        "resolved": "1.0.2",
        "contentHash": "bB4FeVvcNROENPWQfFSmPQ6q99jGk8ru5QoBB3qnEeaP451fjnqQ0uPuMgmWHAOZIXUAoOQozv/5fEEVSDyIzA==",
        "dependencies": {
          "HtmlAgilityPack": "1.4.9"
        }
      },
      "Jellyfin.Controller": {
        "type": "Direct",
        "requested": "[10.11.2, )",
        "resolved": "10.11.2",
        "contentHash": "JZlR4bI1FVen4x4hOQyf+NHN04OE4gac1URbZUi/Ykm+Ij4exfNvk+RZRK9mCg07DLItyYtH9kX64+VWfswWlg==",
        "dependencies": {
          "BitFaster.Caching": "2.5.4",
          "Jellyfin.Common": "10.11.2",
          "Jellyfin.MediaEncoding.Keyframes": "10.11.2",
          "Jellyfin.Model": "10.11.2",
          "Jellyfin.Naming": "10.11.2",
          "Microsoft.Extensions.Configuration.Abstractions": "9.0.10",
          "Microsoft.Extensions.Configuration.Binder": "9.0.10",
          "System.Threading.Tasks.Dataflow": "9.0.10"
        }
      },
      "BitFaster.Caching": {
        "type": "Transitive",
        "resolved": "2.5.4",
        "contentHash": "1QroTY1PVCZOSG9FnkkCrmCKk/+bZCgI/YXq376HnYwUDJ4Ho0EaV4YaA/5v5WYLnwIwIO7RZkdWbg9pxIpueQ=="
      },
      "Diacritics": {
        "type": "Transitive",
        "resolved": "4.0.17",
        "contentHash": "FmMvVQRsfon+x5P+dxz4mvV8wt45xr25EAOCkuo/Cjtc7lVYV5cZUSsNXwmKQpwO+TokIHpzxb8ENpqrm4yBlQ=="
      },
      "ICU4N": {
        "type": "Transitive",
        "resolved": "60.1.0-alpha.356",
        "contentHash": "YMZtDnjcqWzziOKiE7w6Ma7Rl5vuFDxzOsUlHh1QyfghbNEIZQOLRs9MMfwCWAjX6n9UitrF6vLXy55Z5q+4Fg==",
        "dependencies": {
          "J2N": "2.0.0",
          "Microsoft.Extensions.Caching.Memory": "2.0.0"
        }
      },
      "ICU4N.Transliterator": {
        "type": "Transitive",
        "resolved": "60.1.0-alpha.356",
        "contentHash": "lFOSO6bbEtB6HkWMNDJAq+rFwVyi9g6xVc5O/2xHa6iZnV7wLVDqCbaQ4W4vIeBSQZAafqhxciaEkmAvSdzlCg==",
        "dependencies": {
          "ICU4N": "60.1.0-alpha.356"
        }
      },
      "J2N": {
        "type": "Transitive",
        "resolved": "2.0.0",
        "contentHash": "M5bwDajAARZiyqupU+rHQJnsVLxNBOHJ8vKYHd8LcLIb1FgLfzzcJvc31Qo5Xz/GEHFjDF9ScjKL/ks/zRTXuA=="
      },
      "Jellyfin.Common": {
        "type": "Transitive",
        "resolved": "10.11.2",
        "contentHash": "QjtofkgDYOW3D2p2NCTf7tCzjdrCZJEi0XYT/0qOb2XAQouWtfnzE0gDyNayz8Dd0UfXP3q04wA0pF2Lqg0ZfA==",
        "dependencies": {
          "Jellyfin.Model": "10.11.2",
          "Microsoft.Extensions.Configuration.Abstractions": "9.0.10",
          "Microsoft.Extensions.DependencyInjection.Abstractions": "9.0.10"
        }
      },
      "Jellyfin.Data": {
        "type": "Transitive",
        "resolved": "10.11.2",
        "contentHash": "e7E1+ZdymH0FtJVIZsMj9SS8PcEah39NT5HDn38lBfdfH6sVpXrDefRmIv5opQZvFtk8u/3d8B4rJbDmqYo8Og==",
        "dependencies": {
          "Jellyfin.Database.Implementations": "10.11.2",
          "Microsoft.Extensions.Logging": "9.0.10"
        }
      },
      "Jellyfin.Database.Implementations": {
        "type": "Transitive",
        "resolved": "10.11.2",
        "contentHash": "q5kVWfOSeLwMmjax0LNXIL+7WFAXD/iS/jyqSR+9kmePzUqKEq6nfRjhDcSd4QI0XOnYNJeSQY5Ttl8oarG8ug==",
        "dependencies": {
          "Microsoft.EntityFrameworkCore.Relational": "9.0.10",
          "Polly": "8.6.4"
        }
      },
      "Jellyfin.Extensions": {
        "type": "Transitive",
        "resolved": "10.11.2",
        "contentHash": "H2apRWcVBBLTB5yr8PG6gqXOYNmU/d//vmNDdYLlFXXi9wBqNumfkKpbWjOcTgr6XdbLhHsEtIuUq8Lpw605xw==",
        "dependencies": {
          "Diacritics": "4.0.17",
          "ICU4N.Transliterator": "60.1.0-alpha.356"
        }
      },
      "Jellyfin.MediaEncoding.Keyframes": {
        "type": "Transitive",
        "resolved": "10.11.2",
        "contentHash": "27tFhGQ6whXYgR0QPpBW2aU4OBWI6+pgVDoHAtO0lAu1pPeiX8F/f6SEWmW8BwSMtsS3IHvEbA0oNQcG5o+Auw==",
        "dependencies": {
          "Microsoft.Extensions.Logging.Abstractions": "9.0.10",
          "NEbml": "1.1.0.5"
        }
      },
      "Jellyfin.Model": {
        "type": "Transitive",
        "resolved": "10.11.2",
        "contentHash": "rfpNiN+pVnEKQdO6LYtVno6qmrJeiKJTEjtADGaYqA4KOES5vpInI34kF31OOfHgIye5Z0WtialrnxnOu5qeJw==",
        "dependencies": {
          "Jellyfin.Data": "10.11.2",
          "Jellyfin.Extensions": "10.11.2",
          "Microsoft.Extensions.Logging.Abstractions": "9.0.10",
          "System.Globalization": "4.3.0",
          "System.Text.Json": "9.0.10"
        }
      },
      "Jellyfin.Naming": {
        "type": "Transitive",
        "resolved": "10.11.2",
        "contentHash": "5qALNlUVe9GGGwbZ3dw779c/4IXkSnZXKAzpRAIKJSMfHCZg4GB5hESAncQ+2oe/av6vxSJrAjpSqRz505La/A==",
        "dependencies": {
          "Jellyfin.Common": "10.11.2",
          "Jellyfin.Model": "10.11.2"
        }
      },
      "Microsoft.EntityFrameworkCore": {
        "type": "Transitive",
        "resolved": "9.0.10",
        "contentHash": "WjjxVyOTVs85V7SUe+lZjtGOEeVzF4RO8amrqL4adgbyThNq7vGCFzPw8buZj44gHeQYD5V/uZ/6XuqG9Jq+kA==",
        "dependencies": {
          "Microsoft.EntityFrameworkCore.Abstractions": "9.0.10",
          "Microsoft.EntityFrameworkCore.Analyzers": "9.0.10",
          "Microsoft.Extensions.Caching.Memory": "9.0.10",
          "Microsoft.Extensions.Logging": "9.0.10"
        }
      },
      "Microsoft.EntityFrameworkCore.Abstractions": {
        "type": "Transitive",
        "resolved": "9.0.10",
        "contentHash": "I3TWAs5Lbzmzu8S0T6qXhzBiO3CznYLrfE59W0npkqNHfWGH8CgA66LrHMWxWOXVTD4145QwYqiWNCdLwpJ1Ew=="
      },
      "Microsoft.EntityFrameworkCore.Analyzers": {
        "type": "Transitive",
        "resolved": "9.0.10",
        "contentHash": "mXNl0Gg3l3zGrClLCHepB+b7rYVuFfB9qQJwya0dUSHFuR1T0jMD8KxuNVyhQSfoWIepanhzjcG8TUNGXOcU0Q=="
      },
      "Microsoft.EntityFrameworkCore.Relational": {
        "type": "Transitive",
        "resolved": "9.0.10",
        "contentHash": "IJNrG5vdmFUvHR8FLLFg9AWpuE8qW1DTEN+fNLGbNTu6cnpZzzqU6+aknAGtTSAEVWosJ3BZ3TOO9wpifUvv3A==",
        "dependencies": {
          "Microsoft.EntityFrameworkCore": "9.0.10",
          "Microsoft.Extensions.Caching.Memory": "9.0.10",
          "Microsoft.Extensions.Configuration.Abstractions": "9.0.10",
          "Microsoft.Extensions.Logging": "9.0.10"
        }
      },
      "Microsoft.Extensions.Caching.Abstractions": {
        "type": "Transitive",
        "resolved": "9.0.10",
        "contentHash": "cL6iTxgJ4u5zP3eFOdBiDAtmE/B2WKTRhyJfEne7n6qvHpsMwwIDxljs210mWSO1ucBy7lR1Lo7/7kjeZeLcqQ==",
        "dependencies": {
          "Microsoft.Extensions.Primitives": "9.0.10"
        }
      },
      "Microsoft.Extensions.Caching.Memory": {
        "type": "Transitive",
        "resolved": "9.0.10",
        "contentHash": "2iuzwIoCoqZJfH2VLk1xvlQS4PQDEuhj4dWiGb+Qpt1vHFHyffp497cTO6ucsV54W/h4JmM1vzDBv8pVAFazZg==",
        "dependencies": {
          "Microsoft.Extensions.Caching.Abstractions": "9.0.10",
          "Microsoft.Extensions.DependencyInjection.Abstractions": "9.0.10",
          "Microsoft.Extensions.Logging.Abstractions": "9.0.10",
          "Microsoft.Extensions.Options": "9.0.10",
          "Microsoft.Extensions.Primitives": "9.0.10"
        }
      },
      "Microsoft.Extensions.Configuration.Abstractions": {
        "type": "Transitive",
        "resolved": "9.0.10",
        "contentHash": "ad3JxmFj0uxuFa1CT6oxTCC1lQ0xeRuOvzBRFT/I/ofIXVOnNsH/v2GZkAJWhlpZqKUvSexQZzp3EEAB2CdtJg==",
        "dependencies": {
          "Microsoft.Extensions.Primitives": "9.0.10"
        }
      },
      "Microsoft.Extensions.Configuration.Binder": {
        "type": "Transitive",
        "resolved": "9.0.10",
        "contentHash": "D6Kng+9I+w1SQPxJybc6wzw9nnnyUQPutycjtI0svv1RHaWOpUk9PPlwIRfhhoQZ3yihejkEI2wNv/7VnVtkGA==",
        "dependencies": {
          "Microsoft.Extensions.Configuration.Abstractions": "9.0.10"
        }
      },
      "Microsoft.Extensions.DependencyInjection": {
        "type": "Transitive",
        "resolved": "9.0.10",
        "contentHash": "iEtXCkNd5XhjNJAOb/wO4IhDRdLIE2CsPxZggZQWJ/q2+sa8dmEPC393nnsiqdH8/4KV8Xn25IzgKPR1UEQ0og==",
        "dependencies": {
          "Microsoft.Extensions.DependencyInjection.Abstractions": "9.0.10"
        }
      },
      "Microsoft.Extensions.DependencyInjection.Abstractions": {
        "type": "Transitive",
        "resolved": "9.0.10",
        "contentHash": "r9waLiOPe9ZF1PvzUT+RDoHvpMmY8MW+lb4lqjYGObwKpnyPMLI3odVvlmshwuZcdoHynsGWOrCPA0hxZ63lIA=="
      },
      "Microsoft.Extensions.Logging": {
        "type": "Transitive",
        "resolved": "9.0.10",
        "contentHash": "UBXHqE9vyptVhaFnT1R7YJKCve7TqVI10yjjUZBNGMlW2lZ4c031Slt9hxsOzWCzlpPxxIFyf1Yk4a6Iubxx7w==",
        "dependencies": {
          "Microsoft.Extensions.DependencyInjection": "9.0.10",
          "Microsoft.Extensions.Logging.Abstractions": "9.0.10",
          "Microsoft.Extensions.Options": "9.0.10"
        }
      },
      "Microsoft.Extensions.Logging.Abstractions": {
        "type": "Transitive",
        "resolved": "9.0.10",
        "contentHash": "MFUPv/nN1rAQ19w43smm6bbf0JDYN/1HEPHoiMYY50pvDMFpglzWAuoTavByDmZq7UuhjaxwrET3joU69ZHoHQ==",
        "dependencies": {
          "Microsoft.Extensions.DependencyInjection.Abstractions": "9.0.10"
        }
      },
      "Microsoft.Extensions.Options": {
        "type": "Transitive",
        "resolved": "9.0.10",
        "contentHash": "zMNABt8eBv0B0XrWjFy9nZNgddavaOeq3ZdaD5IlHhRH65MrU7HM+Hd8GjWE3e2VDGFPZFfSAc6XVXC17f9fOA==",
        "dependencies": {
          "Microsoft.Extensions.DependencyInjection.Abstractions": "9.0.10",
          "Microsoft.Extensions.Primitives": "9.0.10"
        }
      },
      "Microsoft.Extensions.Primitives": {
        "type": "Transitive",
        "resolved": "9.0.10",
        "contentHash": "3pl8D1O5ZwMpDkZAT2uXrhQ6NipkwEgDLMFuURiHTf72TvkoMP61QYH3Vk1yrzVHnHBdNZk3cQACz8Zc7YGNhQ=="
      },
      "Microsoft.NETCore.Platforms": {
        "type": "Transitive",
        "resolved": "1.1.0",
        "contentHash": "kz0PEW2lhqygehI/d6XsPCQzD7ff7gUJaVGPVETX611eadGsA3A877GdSlU0LRVMCTH/+P3o2iDTak+S08V2+A=="
      },
      "Microsoft.NETCore.Targets": {
        "type": "Transitive",
        "resolved": "1.1.0",
        "contentHash": "aOZA3BWfz9RXjpzt0sRJJMjAscAUm3Hoa4UWAfceV9UTYxgwZ1lZt5nO2myFf+/jetYQo4uTP7zS8sJY67BBxg=="
      },
      "NEbml": {
        "type": "Transitive",
        "resolved": "1.1.0.5",
        "contentHash": "svtqDc+hue9kbnqNN2KkK4om/hDrc7K127cNb5FIYfgKgzo+JNDPXNLp8NioCchHhBO3lxWd4Cp/iiZZ3aoUqg=="
      },
      "Polly": {
        "type": "Transitive",
        "resolved": "8.6.4",
        "contentHash": "uuBsDoBw0oYrMe3uTWRjkT2sIkKh+ZZnnDrLb4Z+QANfeA4+7FJacx6E8CY5GAxXRoSgFrvUADEAQ7DPF6fGiw==",
        "dependencies": {
          "Polly.Core": "8.6.4"
        }
      },
      "Polly.Core": {
        "type": "Transitive",
        "resolved": "8.6.4",
        "contentHash": "4AWqYnQ2TME0E+Mzovt1Uu+VyvpR84ymUldMcPw7Mbj799Phaag14CKrMtlJGx5jsvYP+S3oR1QmysgmXoD5cw=="
      },
      "System.Globalization": {
        "type": "Transitive",
        "resolved": "4.3.0",
        "contentHash": "kYdVd2f2PAdFGblzFswE4hkNANJBKRmsfa2X5LG2AcWE1c7/4t0pYae1L8vfZ5xvE2nK/R9JprtToA61OSHWIg==",
        "dependencies": {
          "Microsoft.NETCore.Platforms": "1.1.0",
          "Microsoft.NETCore.Targets": "1.1.0",
          "System.Runtime": "4.3.0"
        }
      },
      "System.Runtime": {
        "type": "Transitive",
        "resolved": "4.3.0",
        "contentHash": "JufQi0vPQ0xGnAczR13AUFglDyVYt4Kqnz1AZaiKZ5+GICq0/1MH/mO/eAJHt/mHW1zjKBJd7kV26SrxddAhiw==",
        "dependencies": {
          "Microsoft.NETCore.Platforms": "1.1.0",
          "Microsoft.NETCore.Targets": "1.1.0"
        }
      },
      "System.Text.Json": {
        "type": "Transitive",
        "resolved": "9.0.10",
        "contentHash": "XM02ZBnzxk7Ti6l9YRy8Bp639wANqJzJzw4W4VYiCh+HXY9hBOWkGB4k89OLP/s/RxgM02P4a/mWcJTgFiLf1Q=="
      },
      "System.Threading.Tasks.Dataflow": {
        "type": "Transitive",
        "resolved": "9.0.10",
        "contentHash": "k1o6v6V3+4mznSnPnO0FBaRjiAPL1ouKPfPQH7hO9Z2SwJHt8E45F4wX5yQh1aeja1JHPYEungQedXibng654Q=="
      }
    }
  }
}